
Microsoft Visual Studio Solution File, Format Version 12.00
# Visual Studio Version 17
VisualStudioVersion = 17.13.35828.75 d17.13
MinimumVisualStudioVersion = 10.0.40219.1
Project("{FAE04EC0-301F-11D3-BF4B-00C04F79EFBC}") = "WinFormsApp16", "WinFormsApp16\WinFormsApp16.csproj", "{248EC6A4-C60E-4CB5-B1F9-5F7D6BD10B31}"
EndProject
Global
	GlobalSection(SolutionConfigurationPlatforms) = preSolution
		Debug|Any CPU = Debug|Any CPU
		Release|Any CPU = Release|Any CPU
	EndGlobalSection
	GlobalSection(ProjectConfigurationPlatforms) = postSolution
		{248EC6A4-C60E-4CB5-B1F9-5F7D6BD10B31}.Debug|Any CPU.ActiveCfg = Debug|Any CPU
		{248EC6A4-C60E-4CB5-B1F9-5F7D6BD10B31}.Debug|Any CPU.Build.0 = Debug|Any CPU
		{248EC6A4-C60E-4CB5-B1F9-5F7D6BD10B31}.Release|Any CPU.ActiveCfg = Release|Any CPU
		{248EC6A4-C60E-4CB5-B1F9-5F7D6BD10B31}.Release|Any CPU.Build.0 = Release|Any CPU
	EndGlobalSection
	GlobalSection(SolutionProperties) = preSolution
		HideSolutionNode = FALSE
	EndGlobalSection
	GlobalSection(ExtensibilityGlobals) = postSolution
		SolutionGuid = {342E72F0-B84E-4674-84C7-C25E9A913544}
	EndGlobalSection
EndGlobal
